
Microsoft Visual Studio Solution File, Format Version 12.00
# Visual Studio Version 17
VisualStudioVersion = 17.9.34728.123
MinimumVisualStudioVersion = 10.0.40219.1
Project("{FAE04EC0-301F-11D3-BF4B-00C04F79EFBC}") = "ConsoleApp8", "ConsoleApp8\ConsoleApp8.csproj", "{45B83D68-D3A6-41D2-A0BA-29335060161B}"
EndProject
Global
	GlobalSection(SolutionConfigurationPlatforms) = preSolution
		Debug|Any CPU = Debug|Any CPU
		Release|Any CPU = Release|Any CPU
	EndGlobalSection
	GlobalSection(ProjectConfigurationPlatforms) = postSolution
		{45B83D68-D3A6-41D2-A0BA-29335060161B}.Debug|Any CPU.ActiveCfg = Debug|Any CPU
		{45B83D68-D3A6-41D2-A0BA-29335060161B}.Debug|Any CPU.Build.0 = Debug|Any CPU
		{45B83D68-D3A6-41D2-A0BA-29335060161B}.Release|Any CPU.ActiveCfg = Release|Any CPU
		{45B83D68-D3A6-41D2-A0BA-29335060161B}.Release|Any CPU.Build.0 = Release|Any CPU
	EndGlobalSection
	GlobalSection(SolutionProperties) = preSolution
		HideSolutionNode = FALSE
	EndGlobalSection
	GlobalSection(ExtensibilityGlobals) = postSolution
		SolutionGuid = {C452162D-BBAB-490F-846D-6F96E7884775}
	EndGlobalSection
EndGlobal
